
Microsoft Visual Studio Solution File, Format Version 12.00
# Visual Studio Version 16
VisualStudioVersion = 16.0.30626.31
MinimumVisualStudioVersion = 10.0.40219.1
Project("{FAE04EC0-301F-11D3-BF4B-00C04F79EFBC}") = "robocopy-command", "robocopy-command\robocopy-command.csproj", "{829D9961-96FF-429A-BFC7-11A83644E37B}"
EndProject
Global
	GlobalSection(SolutionConfigurationPlatforms) = preSolution
		Debug|Any CPU = Debug|Any CPU
		Release|Any CPU = Release|Any CPU
	EndGlobalSection
	GlobalSection(ProjectConfigurationPlatforms) = postSolution
		{829D9961-96FF-429A-BFC7-11A83644E37B}.Debug|Any CPU.ActiveCfg = Debug|Any CPU
		{829D9961-96FF-429A-BFC7-11A83644E37B}.Debug|Any CPU.Build.0 = Debug|Any CPU
		{829D9961-96FF-429A-BFC7-11A83644E37B}.Release|Any CPU.ActiveCfg = Release|Any CPU
		{829D9961-96FF-429A-BFC7-11A83644E37B}.Release|Any CPU.Build.0 = Release|Any CPU
	EndGlobalSection
	GlobalSection(SolutionProperties) = preSolution
		HideSolutionNode = FALSE
	EndGlobalSection
	GlobalSection(ExtensibilityGlobals) = postSolution
		SolutionGuid = {381CA66F-10C8-41B4-B42C-EE7A9A34AC9E}
	EndGlobalSection
EndGlobal
